// !$*UTF8*$!
{
	archiveVersion = 1;
	classes = {
	};
	objectVersion = 55;
	objects = {

/* Begin PBXBuildFile section */
		1A3229C665C8BA8769726AB2 /* Pods_personaltrackerTests.framework in Frameworks */ = {isa = PBXBuildFile; fileRef = EC2D9CDFC109E06A95266085 /* Pods_personaltrackerTests.framework */; };
		4A038530287C554F00AD5E37 /* SwinjectInteractor.swift in Sources */ = {isa = PBXBuildFile; fileRef = 4A03852F287C554F00AD5E37 /* SwinjectInteractor.swift */; };
		4A038532287C571700AD5E37 /* SettingInteractorMock.swift in Sources */ = {isa = PBXBuildFile; fileRef = 4A038531287C571700AD5E37 /* SettingInteractorMock.swift */; };
		4A038536287C6D3A00AD5E37 /* CategoryCollectionViewCell.swift in Sources */ = {isa = PBXBuildFile; fileRef = 4A038534287C6D3A00AD5E37 /* CategoryCollectionViewCell.swift */; };
		4A038537287C6D3A00AD5E37 /* CategoryCollectionViewCell.xib in Resources */ = {isa = PBXBuildFile; fileRef = 4A038535287C6D3A00AD5E37 /* CategoryCollectionViewCell.xib */; };
		4AA300E9287AE6C400901832 /* SettingStorage.swift in Sources */ = {isa = PBXBuildFile; fileRef = 4AA300E8287AE6C400901832 /* SettingStorage.swift */; };
		4AA300EC287AEBC800901832 /* SwinjectSetup.swift in Sources */ = {isa = PBXBuildFile; fileRef = 4AA300EB287AEBC800901832 /* SwinjectSetup.swift */; };
		4AA300EF287AEC2300901832 /* SettingStorageTest.swift in Sources */ = {isa = PBXBuildFile; fileRef = 4AA300EE287AEC2300901832 /* SettingStorageTest.swift */; };
		4AA300F2287AF53400901832 /* WelcomePageViewModel.swift in Sources */ = {isa = PBXBuildFile; fileRef = 4AA300F1287AF53400901832 /* WelcomePageViewModel.swift */; };
		4AA300F4287B035F00901832 /* SwinjectAdapter.swift in Sources */ = {isa = PBXBuildFile; fileRef = 4AA300F3287B035F00901832 /* SwinjectAdapter.swift */; };
		4AA300F6287B04A300901832 /* WelcomePageViewModelTest.swift in Sources */ = {isa = PBXBuildFile; fileRef = 4AA300F5287B04A300901832 /* WelcomePageViewModelTest.swift */; };
		4AA300F9287B0E9600901832 /* RxSignalTestHelper.swift in Sources */ = {isa = PBXBuildFile; fileRef = 4AA300F8287B0E9600901832 /* RxSignalTestHelper.swift */; };
		4AA5EC4F287B2B1100534289 /* SwinjectViewModel.swift in Sources */ = {isa = PBXBuildFile; fileRef = 4AA5EC4E287B2B1100534289 /* SwinjectViewModel.swift */; };
		4AAAB141287BEA73008E0A5D /* SettingPageViewModelTest.swift in Sources */ = {isa = PBXBuildFile; fileRef = 4AAAB140287BEA73008E0A5D /* SettingPageViewModelTest.swift */; };
		4AAAB143287BF237008E0A5D /* SettingPageViewController.swift in Sources */ = {isa = PBXBuildFile; fileRef = 4AAAB142287BF237008E0A5D /* SettingPageViewController.swift */; };
		4AAF7A00287A5E2A00B9D9BC /* AppDelegate.swift in Sources */ = {isa = PBXBuildFile; fileRef = 4AAF79FF287A5E2A00B9D9BC /* AppDelegate.swift */; };
		4AAF7A02287A5E2A00B9D9BC /* SceneDelegate.swift in Sources */ = {isa = PBXBuildFile; fileRef = 4AAF7A01287A5E2A00B9D9BC /* SceneDelegate.swift */; };
		4AAF7A04287A5E2A00B9D9BC /* WelcomPageViewController.swift in Sources */ = {isa = PBXBuildFile; fileRef = 4AAF7A03287A5E2A00B9D9BC /* WelcomPageViewController.swift */; };
		4AAF7A07287A5E2A00B9D9BC /* Main.storyboard in Resources */ = {isa = PBXBuildFile; fileRef = 4AAF7A05287A5E2A00B9D9BC /* Main.storyboard */; };
		4AAF7A09287A5E2C00B9D9BC /* Assets.xcassets in Resources */ = {isa = PBXBuildFile; fileRef = 4AAF7A08287A5E2C00B9D9BC /* Assets.xcassets */; };
		4AAF7A0C287A5E2C00B9D9BC /* LaunchScreen.storyboard in Resources */ = {isa = PBXBuildFile; fileRef = 4AAF7A0A287A5E2C00B9D9BC /* LaunchScreen.storyboard */; };
		4AAF7A17287A5E2C00B9D9BC /* personaltrackerTests.swift in Sources */ = {isa = PBXBuildFile; fileRef = 4AAF7A16287A5E2C00B9D9BC /* personaltrackerTests.swift */; };
		4AAF7A21287A5E2C00B9D9BC /* personaltrackerUITests.swift in Sources */ = {isa = PBXBuildFile; fileRef = 4AAF7A20287A5E2C00B9D9BC /* personaltrackerUITests.swift */; };
		4AAF7A23287A5E2C00B9D9BC /* personaltrackerUITestsLaunchTests.swift in Sources */ = {isa = PBXBuildFile; fileRef = 4AAF7A22287A5E2C00B9D9BC /* personaltrackerUITestsLaunchTests.swift */; };
		4AC53B5F287BA604003703D7 /* SettingPageViewModel.swift in Sources */ = {isa = PBXBuildFile; fileRef = 4AC53B5E287BA604003703D7 /* SettingPageViewModel.swift */; };
		4AC53B62287BB716003703D7 /* SettingInteractorTest.swift in Sources */ = {isa = PBXBuildFile; fileRef = 4AC53B61287BB716003703D7 /* SettingInteractorTest.swift */; };
		4AC53B65287BBA7B003703D7 /* SettingStorageMock.swift in Sources */ = {isa = PBXBuildFile; fileRef = 4AC53B64287BBA7B003703D7 /* SettingStorageMock.swift */; };
		4AC53B6A287BBF40003703D7 /* SettingInteractorImpl.swift in Sources */ = {isa = PBXBuildFile; fileRef = 4AC53B69287BBF40003703D7 /* SettingInteractorImpl.swift */; };
		78C52FA4CB7802AF72EA65A4 /* Pods_personaltracker.framework in Frameworks */ = {isa = PBXBuildFile; fileRef = 2AE9129CFECAC42322B32931 /* Pods_personaltracker.framework */; };
		E7B0B4F1D6AF3290BB641BED /* Pods_personaltracker_personaltrackerUITests.framework in Frameworks */ = {isa = PBXBuildFile; fileRef = CA97184BF81E0D7B37DD9B0D /* Pods_personaltracker_personaltrackerUITests.framework */; };
/* End PBXBuildFile section */

/* Begin PBXContainerItemProxy section */
		4AAF7A13287A5E2C00B9D9BC /* PBXContainerItemProxy */ = {
			isa = PBXContainerItemProxy;
			containerPortal = 4AAF79F4287A5E2A00B9D9BC /* Project object */;
			proxyType = 1;
			remoteGlobalIDString = 4AAF79FB287A5E2A00B9D9BC;
			remoteInfo = personaltracker;
		};
		4AAF7A1D287A5E2C00B9D9BC /* PBXContainerItemProxy */ = {
			isa = PBXContainerItemProxy;
			containerPortal = 4AAF79F4287A5E2A00B9D9BC /* Project object */;
			proxyType = 1;
			remoteGlobalIDString = 4AAF79FB287A5E2A00B9D9BC;
			remoteInfo = personaltracker;
		};
/* End PBXContainerItemProxy section */

/* Begin PBXFileReference section */
		05B60098D7E29BFCDC5FF609 /* Pods-personaltracker.debug.xcconfig */ = {isa = PBXFileReference; includeInIndex = 1; lastKnownFileType = text.xcconfig; name = "Pods-personaltracker.debug.xcconfig"; path = "Target Support Files/Pods-personaltracker/Pods-personaltracker.debug.xcconfig"; sourceTree = "<group>"; };
		2AE9129CFECAC42322B32931 /* Pods_personaltracker.framework */ = {isa = PBXFileReference; explicitFileType = wrapper.framework; includeInIndex = 0; path = Pods_personaltracker.framework; sourceTree = BUILT_PRODUCTS_DIR; };
		416F6E1E0EE0AC542F23C1D6 /* Pods-personaltracker.release.xcconfig */ = {isa = PBXFileReference; includeInIndex = 1; lastKnownFileType = text.xcconfig; name = "Pods-personaltracker.release.xcconfig"; path = "Target Support Files/Pods-personaltracker/Pods-personaltracker.release.xcconfig"; sourceTree = "<group>"; };
		4A03852F287C554F00AD5E37 /* SwinjectInteractor.swift */ = {isa = PBXFileReference; lastKnownFileType = sourcecode.swift; path = SwinjectInteractor.swift; sourceTree = "<group>"; };
		4A038531287C571700AD5E37 /* SettingInteractorMock.swift */ = {isa = PBXFileReference; lastKnownFileType = sourcecode.swift; path = SettingInteractorMock.swift; sourceTree = "<group>"; };
		4A038534287C6D3A00AD5E37 /* CategoryCollectionViewCell.swift */ = {isa = PBXFileReference; lastKnownFileType = sourcecode.swift; path = CategoryCollectionViewCell.swift; sourceTree = "<group>"; };
		4A038535287C6D3A00AD5E37 /* CategoryCollectionViewCell.xib */ = {isa = PBXFileReference; lastKnownFileType = file.xib; path = CategoryCollectionViewCell.xib; sourceTree = "<group>"; };
		4AA300E8287AE6C400901832 /* SettingStorage.swift */ = {isa = PBXFileReference; lastKnownFileType = sourcecode.swift; path = SettingStorage.swift; sourceTree = "<group>"; };
		4AA300EB287AEBC800901832 /* SwinjectSetup.swift */ = {isa = PBXFileReference; lastKnownFileType = sourcecode.swift; path = SwinjectSetup.swift; sourceTree = "<group>"; };
		4AA300EE287AEC2300901832 /* SettingStorageTest.swift */ = {isa = PBXFileReference; lastKnownFileType = sourcecode.swift; path = SettingStorageTest.swift; sourceTree = "<group>"; };
		4AA300F1287AF53400901832 /* WelcomePageViewModel.swift */ = {isa = PBXFileReference; lastKnownFileType = sourcecode.swift; path = WelcomePageViewModel.swift; sourceTree = "<group>"; };
		4AA300F3287B035F00901832 /* SwinjectAdapter.swift */ = {isa = PBXFileReference; lastKnownFileType = sourcecode.swift; path = SwinjectAdapter.swift; sourceTree = "<group>"; };
		4AA300F5287B04A300901832 /* WelcomePageViewModelTest.swift */ = {isa = PBXFileReference; lastKnownFileType = sourcecode.swift; path = WelcomePageViewModelTest.swift; sourceTree = "<group>"; };
		4AA300F8287B0E9600901832 /* RxSignalTestHelper.swift */ = {isa = PBXFileReference; lastKnownFileType = sourcecode.swift; path = RxSignalTestHelper.swift; sourceTree = "<group>"; };
		4AA5EC4E287B2B1100534289 /* SwinjectViewModel.swift */ = {isa = PBXFileReference; lastKnownFileType = sourcecode.swift; path = SwinjectViewModel.swift; sourceTree = "<group>"; };
		4AAAB140287BEA73008E0A5D /* SettingPageViewModelTest.swift */ = {isa = PBXFileReference; lastKnownFileType = sourcecode.swift; path = SettingPageViewModelTest.swift; sourceTree = "<group>"; };
		4AAAB142287BF237008E0A5D /* SettingPageViewController.swift */ = {isa = PBXFileReference; lastKnownFileType = sourcecode.swift; path = SettingPageViewController.swift; sourceTree = "<group>"; };
		4AAF79FC287A5E2A00B9D9BC /* personaltracker.app */ = {isa = PBXFileReference; explicitFileType = wrapper.application; includeInIndex = 0; path = personaltracker.app; sourceTree = BUILT_PRODUCTS_DIR; };
		4AAF79FF287A5E2A00B9D9BC /* AppDelegate.swift */ = {isa = PBXFileReference; lastKnownFileType = sourcecode.swift; path = AppDelegate.swift; sourceTree = "<group>"; };
		4AAF7A01287A5E2A00B9D9BC /* SceneDelegate.swift */ = {isa = PBXFileReference; lastKnownFileType = sourcecode.swift; path = SceneDelegate.swift; sourceTree = "<group>"; };
		4AAF7A03287A5E2A00B9D9BC /* WelcomPageViewController.swift */ = {isa = PBXFileReference; lastKnownFileType = sourcecode.swift; path = WelcomPageViewController.swift; sourceTree = "<group>"; };
		4AAF7A06287A5E2A00B9D9BC /* Base */ = {isa = PBXFileReference; lastKnownFileType = file.storyboard; name = Base; path = Base.lproj/Main.storyboard; sourceTree = "<group>"; };
		4AAF7A08287A5E2C00B9D9BC /* Assets.xcassets */ = {isa = PBXFileReference; lastKnownFileType = folder.assetcatalog; path = Assets.xcassets; sourceTree = "<group>"; };
		4AAF7A0B287A5E2C00B9D9BC /* Base */ = {isa = PBXFileReference; lastKnownFileType = file.storyboard; name = Base; path = Base.lproj/LaunchScreen.storyboard; sourceTree = "<group>"; };
		4AAF7A0D287A5E2C00B9D9BC /* Info.plist */ = {isa = PBXFileReference; lastKnownFileType = text.plist.xml; path = Info.plist; sourceTree = "<group>"; };
		4AAF7A12287A5E2C00B9D9BC /* personaltrackerTests.xctest */ = {isa = PBXFileReference; explicitFileType = wrapper.cfbundle; includeInIndex = 0; path = personaltrackerTests.xctest; sourceTree = BUILT_PRODUCTS_DIR; };
		4AAF7A16287A5E2C00B9D9BC /* personaltrackerTests.swift */ = {isa = PBXFileReference; lastKnownFileType = sourcecode.swift; path = personaltrackerTests.swift; sourceTree = "<group>"; };
		4AAF7A1C287A5E2C00B9D9BC /* personaltrackerUITests.xctest */ = {isa = PBXFileReference; explicitFileType = wrapper.cfbundle; includeInIndex = 0; path = personaltrackerUITests.xctest; sourceTree = BUILT_PRODUCTS_DIR; };
		4AAF7A20287A5E2C00B9D9BC /* personaltrackerUITests.swift */ = {isa = PBXFileReference; lastKnownFileType = sourcecode.swift; path = personaltrackerUITests.swift; sourceTree = "<group>"; };
		4AAF7A22287A5E2C00B9D9BC /* personaltrackerUITestsLaunchTests.swift */ = {isa = PBXFileReference; lastKnownFileType = sourcecode.swift; path = personaltrackerUITestsLaunchTests.swift; sourceTree = "<group>"; };
		4AC53B5E287BA604003703D7 /* SettingPageViewModel.swift */ = {isa = PBXFileReference; lastKnownFileType = sourcecode.swift; path = SettingPageViewModel.swift; sourceTree = "<group>"; };
		4AC53B61287BB716003703D7 /* SettingInteractorTest.swift */ = {isa = PBXFileReference; lastKnownFileType = sourcecode.swift; path = SettingInteractorTest.swift; sourceTree = "<group>"; };
		4AC53B64287BBA7B003703D7 /* SettingStorageMock.swift */ = {isa = PBXFileReference; lastKnownFileType = sourcecode.swift; path = SettingStorageMock.swift; sourceTree = "<group>"; };
		4AC53B69287BBF40003703D7 /* SettingInteractorImpl.swift */ = {isa = PBXFileReference; lastKnownFileType = sourcecode.swift; path = SettingInteractorImpl.swift; sourceTree = "<group>"; };
		640EA9AB7B3D1ABDBEB7349E /* Pods-personaltracker-personaltrackerUITests.release.xcconfig */ = {isa = PBXFileReference; includeInIndex = 1; lastKnownFileType = text.xcconfig; name = "Pods-personaltracker-personaltrackerUITests.release.xcconfig"; path = "Target Support Files/Pods-personaltracker-personaltrackerUITests/Pods-personaltracker-personaltrackerUITests.release.xcconfig"; sourceTree = "<group>"; };
		6A7BCB60BAEC992730A29028 /* Pods-personaltrackerTests.debug.xcconfig */ = {isa = PBXFileReference; includeInIndex = 1; lastKnownFileType = text.xcconfig; name = "Pods-personaltrackerTests.debug.xcconfig"; path = "Target Support Files/Pods-personaltrackerTests/Pods-personaltrackerTests.debug.xcconfig"; sourceTree = "<group>"; };
		75190D30452C5DF98D25978E /* Pods-personaltracker-personaltrackerUITests.debug.xcconfig */ = {isa = PBXFileReference; includeInIndex = 1; lastKnownFileType = text.xcconfig; name = "Pods-personaltracker-personaltrackerUITests.debug.xcconfig"; path = "Target Support Files/Pods-personaltracker-personaltrackerUITests/Pods-personaltracker-personaltrackerUITests.debug.xcconfig"; sourceTree = "<group>"; };
		7681ED1E8BBD8004FADB0C01 /* Pods-personaltrackerTests.release.xcconfig */ = {isa = PBXFileReference; includeInIndex = 1; lastKnownFileType = text.xcconfig; name = "Pods-personaltrackerTests.release.xcconfig"; path = "Target Support Files/Pods-personaltrackerTests/Pods-personaltrackerTests.release.xcconfig"; sourceTree = "<group>"; };
		CA97184BF81E0D7B37DD9B0D /* Pods_personaltracker_personaltrackerUITests.framework */ = {isa = PBXFileReference; explicitFileType = wrapper.framework; includeInIndex = 0; path = Pods_personaltracker_personaltrackerUITests.framework; sourceTree = BUILT_PRODUCTS_DIR; };
		EC2D9CDFC109E06A95266085 /* Pods_personaltrackerTests.framework */ = {isa = PBXFileReference; explicitFileType = wrapper.framework; includeInIndex = 0; path = Pods_personaltrackerTests.framework; sourceTree = BUILT_PRODUCTS_DIR; };
/* End PBXFileReference section */

/* Begin PBXFrameworksBuildPhase section */
		4AAF79F9287A5E2A00B9D9BC /* Frameworks */ = {
			isa = PBXFrameworksBuildPhase;
			buildActionMask = 2147483647;
			files = (
				78C52FA4CB7802AF72EA65A4 /* Pods_personaltracker.framework in Frameworks */,
			);
			runOnlyForDeploymentPostprocessing = 0;
		};
		4AAF7A0F287A5E2C00B9D9BC /* Frameworks */ = {
			isa = PBXFrameworksBuildPhase;
			buildActionMask = 2147483647;
			files = (
				1A3229C665C8BA8769726AB2 /* Pods_personaltrackerTests.framework in Frameworks */,
			);
			runOnlyForDeploymentPostprocessing = 0;
		};
		4AAF7A19287A5E2C00B9D9BC /* Frameworks */ = {
			isa = PBXFrameworksBuildPhase;
			buildActionMask = 2147483647;
			files = (
				E7B0B4F1D6AF3290BB641BED /* Pods_personaltracker_personaltrackerUITests.framework in Frameworks */,
			);
			runOnlyForDeploymentPostprocessing = 0;
		};
/* End PBXFrameworksBuildPhase section */

/* Begin PBXGroup section */
		4A038533287C6D1F00AD5E37 /* ui */ = {
			isa = PBXGroup;
			children = (
				4A038534287C6D3A00AD5E37 /* CategoryCollectionViewCell.swift */,
				4A038535287C6D3A00AD5E37 /* CategoryCollectionViewCell.xib */,
			);
			path = ui;
			sourceTree = "<group>";
		};
		4AA300E7287ADA2D00901832 /* adapter */ = {
			isa = PBXGroup;
			children = (
				4AA300E8287AE6C400901832 /* SettingStorage.swift */,
			);
			path = adapter;
			sourceTree = "<group>";
		};
		4AA300EA287AEB9F00901832 /* di */ = {
			isa = PBXGroup;
			children = (
				4AA300EB287AEBC800901832 /* SwinjectSetup.swift */,
				4AA300F3287B035F00901832 /* SwinjectAdapter.swift */,
				4AA5EC4E287B2B1100534289 /* SwinjectViewModel.swift */,
				4A03852F287C554F00AD5E37 /* SwinjectInteractor.swift */,
			);
			path = di;
			sourceTree = "<group>";
		};
		4AA300ED287AEC0F00901832 /* adapter */ = {
			isa = PBXGroup;
			children = (
				4AA300EE287AEC2300901832 /* SettingStorageTest.swift */,
			);
			path = adapter;
			sourceTree = "<group>";
		};
		4AA300F0287AF52200901832 /* viewModel */ = {
			isa = PBXGroup;
			children = (
				4AA300F1287AF53400901832 /* WelcomePageViewModel.swift */,
				4AC53B5E287BA604003703D7 /* SettingPageViewModel.swift */,
			);
			path = viewModel;
			sourceTree = "<group>";
		};
		4AA300F7287B04A900901832 /* viewModel */ = {
			isa = PBXGroup;
			children = (
				4AA300F5287B04A300901832 /* WelcomePageViewModelTest.swift */,
				4AAAB140287BEA73008E0A5D /* SettingPageViewModelTest.swift */,
			);
			path = viewModel;
			sourceTree = "<group>";
		};
		4AAF79F3287A5E2A00B9D9BC = {
			isa = PBXGroup;
			children = (
				4AAF79FE287A5E2A00B9D9BC /* personaltracker */,
				4AAF7A15287A5E2C00B9D9BC /* personaltrackerTests */,
				4AAF7A1F287A5E2C00B9D9BC /* personaltrackerUITests */,
				4AAF79FD287A5E2A00B9D9BC /* Products */,
				7BC5AB61ED209C7511B338DE /* Pods */,
				846A3EC8C8B56C23940DAD0F /* Frameworks */,
			);
			sourceTree = "<group>";
		};
		4AAF79FD287A5E2A00B9D9BC /* Products */ = {
			isa = PBXGroup;
			children = (
				4AAF79FC287A5E2A00B9D9BC /* personaltracker.app */,
				4AAF7A12287A5E2C00B9D9BC /* personaltrackerTests.xctest */,
				4AAF7A1C287A5E2C00B9D9BC /* personaltrackerUITests.xctest */,
			);
			name = Products;
			sourceTree = "<group>";
		};
		4AAF79FE287A5E2A00B9D9BC /* personaltracker */ = {
			isa = PBXGroup;
			children = (
				4AC53B68287BBF36003703D7 /* interactor */,
				4AC53B5D287BA421003703D7 /* view */,
				4AA300F0287AF52200901832 /* viewModel */,
				4AA300EA287AEB9F00901832 /* di */,
				4AA300E7287ADA2D00901832 /* adapter */,
				4AAF79FF287A5E2A00B9D9BC /* AppDelegate.swift */,
				4AAF7A01287A5E2A00B9D9BC /* SceneDelegate.swift */,
				4AAF7A05287A5E2A00B9D9BC /* Main.storyboard */,
				4AAF7A08287A5E2C00B9D9BC /* Assets.xcassets */,
				4AAF7A0A287A5E2C00B9D9BC /* LaunchScreen.storyboard */,
				4AAF7A0D287A5E2C00B9D9BC /* Info.plist */,
			);
			path = personaltracker;
			sourceTree = "<group>";
		};
		4AAF7A15287A5E2C00B9D9BC /* personaltrackerTests */ = {
			isa = PBXGroup;
			children = (
				4AC53B63287BBA6D003703D7 /* mock */,
				4AC53B60287BB6F1003703D7 /* interactor */,
				4AA300F7287B04A900901832 /* viewModel */,
				4AA300ED287AEC0F00901832 /* adapter */,
				4AAF7A16287A5E2C00B9D9BC /* personaltrackerTests.swift */,
				4AA300F8287B0E9600901832 /* RxSignalTestHelper.swift */,
			);
			path = personaltrackerTests;
			sourceTree = "<group>";
		};
		4AAF7A1F287A5E2C00B9D9BC /* personaltrackerUITests */ = {
			isa = PBXGroup;
			children = (
				4AAF7A20287A5E2C00B9D9BC /* personaltrackerUITests.swift */,
				4AAF7A22287A5E2C00B9D9BC /* personaltrackerUITestsLaunchTests.swift */,
			);
			path = personaltrackerUITests;
			sourceTree = "<group>";
		};
		4AC53B5D287BA421003703D7 /* view */ = {
			isa = PBXGroup;
			children = (
				4A038533287C6D1F00AD5E37 /* ui */,
				4AAF7A03287A5E2A00B9D9BC /* WelcomPageViewController.swift */,
				4AAAB142287BF237008E0A5D /* SettingPageViewController.swift */,
			);
			path = view;
			sourceTree = "<group>";
		};
		4AC53B60287BB6F1003703D7 /* interactor */ = {
			isa = PBXGroup;
			children = (
				4AC53B61287BB716003703D7 /* SettingInteractorTest.swift */,
			);
			path = interactor;
			sourceTree = "<group>";
		};
		4AC53B63287BBA6D003703D7 /* mock */ = {
			isa = PBXGroup;
			children = (
				4AC53B64287BBA7B003703D7 /* SettingStorageMock.swift */,
				4A038531287C571700AD5E37 /* SettingInteractorMock.swift */,
			);
			path = mock;
			sourceTree = "<group>";
		};
		4AC53B68287BBF36003703D7 /* interactor */ = {
			isa = PBXGroup;
			children = (
				4AC53B69287BBF40003703D7 /* SettingInteractorImpl.swift */,
			);
			path = interactor;
			sourceTree = "<group>";
		};
		7BC5AB61ED209C7511B338DE /* Pods */ = {
			isa = PBXGroup;
			children = (
				05B60098D7E29BFCDC5FF609 /* Pods-personaltracker.debug.xcconfig */,
				416F6E1E0EE0AC542F23C1D6 /* Pods-personaltracker.release.xcconfig */,
				75190D30452C5DF98D25978E /* Pods-personaltracker-personaltrackerUITests.debug.xcconfig */,
				640EA9AB7B3D1ABDBEB7349E /* Pods-personaltracker-personaltrackerUITests.release.xcconfig */,
				6A7BCB60BAEC992730A29028 /* Pods-personaltrackerTests.debug.xcconfig */,
				7681ED1E8BBD8004FADB0C01 /* Pods-personaltrackerTests.release.xcconfig */,
			);
			path = Pods;
			sourceTree = "<group>";
		};
		846A3EC8C8B56C23940DAD0F /* Frameworks */ = {
			isa = PBXGroup;
			children = (
				2AE9129CFECAC42322B32931 /* Pods_personaltracker.framework */,
				CA97184BF81E0D7B37DD9B0D /* Pods_personaltracker_personaltrackerUITests.framework */,
				EC2D9CDFC109E06A95266085 /* Pods_personaltrackerTests.framework */,
			);
			name = Frameworks;
			sourceTree = "<group>";
		};
/* End PBXGroup section */

/* Begin PBXNativeTarget section */
		4AAF79FB287A5E2A00B9D9BC /* personaltracker */ = {
			isa = PBXNativeTarget;
			buildConfigurationList = 4AAF7A26287A5E2C00B9D9BC /* Build configuration list for PBXNativeTarget "personaltracker" */;
			buildPhases = (
				A4C97D343FADE5D2ED409F0D /* [CP] Check Pods Manifest.lock */,
				4AAF79F8287A5E2A00B9D9BC /* Sources */,
				4AAF79F9287A5E2A00B9D9BC /* Frameworks */,
				4AAF79FA287A5E2A00B9D9BC /* Resources */,
				59F6A892747E824AE8A48538 /* [CP] Embed Pods Frameworks */,
			);
			buildRules = (
			);
			dependencies = (
			);
			name = personaltracker;
			productName = personaltracker;
			productReference = 4AAF79FC287A5E2A00B9D9BC /* personaltracker.app */;
			productType = "com.apple.product-type.application";
		};
		4AAF7A11287A5E2C00B9D9BC /* personaltrackerTests */ = {
			isa = PBXNativeTarget;
			buildConfigurationList = 4AAF7A29287A5E2C00B9D9BC /* Build configuration list for PBXNativeTarget "personaltrackerTests" */;
			buildPhases = (
				F1DEBC698C3A0420419E42FA /* [CP] Check Pods Manifest.lock */,
				4AAF7A0E287A5E2C00B9D9BC /* Sources */,
				4AAF7A0F287A5E2C00B9D9BC /* Frameworks */,
				4AAF7A10287A5E2C00B9D9BC /* Resources */,
				DDDEB53601E45F165C5E20A5 /* [CP] Embed Pods Frameworks */,
			);
			buildRules = (
			);
			dependencies = (
				4AAF7A14287A5E2C00B9D9BC /* PBXTargetDependency */,
			);
			name = personaltrackerTests;
			productName = personaltrackerTests;
			productReference = 4AAF7A12287A5E2C00B9D9BC /* personaltrackerTests.xctest */;
			productType = "com.apple.product-type.bundle.unit-test";
		};
		4AAF7A1B287A5E2C00B9D9BC /* personaltrackerUITests */ = {
			isa = PBXNativeTarget;
			buildConfigurationList = 4AAF7A2C287A5E2C00B9D9BC /* Build configuration list for PBXNativeTarget "personaltrackerUITests" */;
			buildPhases = (
				B26CB2A346D99A6D2DCDEAEB /* [CP] Check Pods Manifest.lock */,
				4AAF7A18287A5E2C00B9D9BC /* Sources */,
				4AAF7A19287A5E2C00B9D9BC /* Frameworks */,
				4AAF7A1A287A5E2C00B9D9BC /* Resources */,
				F6653B4446442F4B539BF402 /* [CP] Embed Pods Frameworks */,
			);
			buildRules = (
			);
			dependencies = (
				4AAF7A1E287A5E2C00B9D9BC /* PBXTargetDependency */,
			);
			name = personaltrackerUITests;
			productName = personaltrackerUITests;
			productReference = 4AAF7A1C287A5E2C00B9D9BC /* personaltrackerUITests.xctest */;
			productType = "com.apple.product-type.bundle.ui-testing";
		};
/* End PBXNativeTarget section */

/* Begin PBXProject section */
		4AAF79F4287A5E2A00B9D9BC /* Project object */ = {
			isa = PBXProject;
			attributes = {
				BuildIndependentTargetsInParallel = 1;
				LastSwiftUpdateCheck = 1330;
				LastUpgradeCheck = 1330;
				TargetAttributes = {
					4AAF79FB287A5E2A00B9D9BC = {
						CreatedOnToolsVersion = 13.3;
					};
					4AAF7A11287A5E2C00B9D9BC = {
						CreatedOnToolsVersion = 13.3;
						TestTargetID = 4AAF79FB287A5E2A00B9D9BC;
					};
					4AAF7A1B287A5E2C00B9D9BC = {
						CreatedOnToolsVersion = 13.3;
						TestTargetID = 4AAF79FB287A5E2A00B9D9BC;
					};
				};
			};
			buildConfigurationList = 4AAF79F7287A5E2A00B9D9BC /* Build configuration list for PBXProject "personaltracker" */;
			compatibilityVersion = "Xcode 13.0";
			developmentRegion = en;
			hasScannedForEncodings = 0;
			knownRegions = (
				en,
				Base,
			);
			mainGroup = 4AAF79F3287A5E2A00B9D9BC;
			productRefGroup = 4AAF79FD287A5E2A00B9D9BC /* Products */;
			projectDirPath = "";
			projectRoot = "";
			targets = (
				4AAF79FB287A5E2A00B9D9BC /* personaltracker */,
				4AAF7A11287A5E2C00B9D9BC /* personaltrackerTests */,
				4AAF7A1B287A5E2C00B9D9BC /* personaltrackerUITests */,
			);
		};
/* End PBXProject section */

/* Begin PBXResourcesBuildPhase section */
		4AAF79FA287A5E2A00B9D9BC /* Resources */ = {
			isa = PBXResourcesBuildPhase;
			buildActionMask = 2147483647;
			files = (
				4A038537287C6D3A00AD5E37 /* CategoryCollectionViewCell.xib in Resources */,
				4AAF7A0C287A5E2C00B9D9BC /* LaunchScreen.storyboard in Resources */,
				4AAF7A09287A5E2C00B9D9BC /* Assets.xcassets in Resources */,
				4AAF7A07287A5E2A00B9D9BC /* Main.storyboard in Resources */,
			);
			runOnlyForDeploymentPostprocessing = 0;
		};
		4AAF7A10287A5E2C00B9D9BC /* Resources */ = {
			isa = PBXResourcesBuildPhase;
			buildActionMask = 2147483647;
			files = (
			);
			runOnlyForDeploymentPostprocessing = 0;
		};
		4AAF7A1A287A5E2C00B9D9BC /* Resources */ = {
			isa = PBXResourcesBuildPhase;
			buildActionMask = 2147483647;
			files = (
			);
			runOnlyForDeploymentPostprocessing = 0;
		};
/* End PBXResourcesBuildPhase section */

/* Begin PBXShellScriptBuildPhase section */
		59F6A892747E824AE8A48538 /* [CP] Embed Pods Frameworks */ = {
			isa = PBXShellScriptBuildPhase;
			buildActionMask = 2147483647;
			files = (
			);
			inputFileListPaths = (
				"${PODS_ROOT}/Target Support Files/Pods-personaltracker/Pods-personaltracker-frameworks-${CONFIGURATION}-input-files.xcfilelist",
			);
			name = "[CP] Embed Pods Frameworks";
			outputFileListPaths = (
				"${PODS_ROOT}/Target Support Files/Pods-personaltracker/Pods-personaltracker-frameworks-${CONFIGURATION}-output-files.xcfilelist",
			);
			runOnlyForDeploymentPostprocessing = 0;
			shellPath = /bin/sh;
			shellScript = "\"${PODS_ROOT}/Target Support Files/Pods-personaltracker/Pods-personaltracker-frameworks.sh\"\n";
			showEnvVarsInLog = 0;
		};
		A4C97D343FADE5D2ED409F0D /* [CP] Check Pods Manifest.lock */ = {
			isa = PBXShellScriptBuildPhase;
			buildActionMask = 2147483647;
			files = (
			);
			inputFileListPaths = (
			);
			inputPaths = (
				"${PODS_PODFILE_DIR_PATH}/Podfile.lock",
				"${PODS_ROOT}/Manifest.lock",
			);
			name = "[CP] Check Pods Manifest.lock";
			outputFileListPaths = (
			);
			outputPaths = (
				"$(DERIVED_FILE_DIR)/Pods-personaltracker-checkManifestLockResult.txt",
			);
			runOnlyForDeploymentPostprocessing = 0;
			shellPath = /bin/sh;
			shellScript = "diff \"${PODS_PODFILE_DIR_PATH}/Podfile.lock\" \"${PODS_ROOT}/Manifest.lock\" > /dev/null\nif [ $? != 0 ] ; then\n    # print error to STDERR\n    echo \"error: The sandbox is not in sync with the Podfile.lock. Run 'pod install' or update your CocoaPods installation.\" >&2\n    exit 1\nfi\n# This output is used by Xcode 'outputs' to avoid re-running this script phase.\necho \"SUCCESS\" > \"${SCRIPT_OUTPUT_FILE_0}\"\n";
			showEnvVarsInLog = 0;
		};
		B26CB2A346D99A6D2DCDEAEB /* [CP] Check Pods Manifest.lock */ = {
			isa = PBXShellScriptBuildPhase;
			buildActionMask = 2147483647;
			files = (
			);
			inputFileListPaths = (
			);
			inputPaths = (
				"${PODS_PODFILE_DIR_PATH}/Podfile.lock",
				"${PODS_ROOT}/Manifest.lock",
			);
			name = "[CP] Check Pods Manifest.lock";
			outputFileListPaths = (
			);
			outputPaths = (
				"$(DERIVED_FILE_DIR)/Pods-personaltracker-personaltrackerUITests-checkManifestLockResult.txt",
			);
			runOnlyForDeploymentPostprocessing = 0;
			shellPath = /bin/sh;
			shellScript = "diff \"${PODS_PODFILE_DIR_PATH}/Podfile.lock\" \"${PODS_ROOT}/Manifest.lock\" > /dev/null\nif [ $? != 0 ] ; then\n    # print error to STDERR\n    echo \"error: The sandbox is not in sync with the Podfile.lock. Run 'pod install' or update your CocoaPods installation.\" >&2\n    exit 1\nfi\n# This output is used by Xcode 'outputs' to avoid re-running this script phase.\necho \"SUCCESS\" > \"${SCRIPT_OUTPUT_FILE_0}\"\n";
			showEnvVarsInLog = 0;
		};
		DDDEB53601E45F165C5E20A5 /* [CP] Embed Pods Frameworks */ = {
			isa = PBXShellScriptBuildPhase;
			buildActionMask = 2147483647;
			files = (
			);
			inputFileListPaths = (
				"${PODS_ROOT}/Target Support Files/Pods-personaltrackerTests/Pods-personaltrackerTests-frameworks-${CONFIGURATION}-input-files.xcfilelist",
			);
			name = "[CP] Embed Pods Frameworks";
			outputFileListPaths = (
				"${PODS_ROOT}/Target Support Files/Pods-personaltrackerTests/Pods-personaltrackerTests-frameworks-${CONFIGURATION}-output-files.xcfilelist",
			);
			runOnlyForDeploymentPostprocessing = 0;
			shellPath = /bin/sh;
			shellScript = "\"${PODS_ROOT}/Target Support Files/Pods-personaltrackerTests/Pods-personaltrackerTests-frameworks.sh\"\n";
			showEnvVarsInLog = 0;
		};
		F1DEBC698C3A0420419E42FA /* [CP] Check Pods Manifest.lock */ = {
			isa = PBXShellScriptBuildPhase;
			buildActionMask = 2147483647;
			files = (
			);
			inputFileListPaths = (
			);
			inputPaths = (
				"${PODS_PODFILE_DIR_PATH}/Podfile.lock",
				"${PODS_ROOT}/Manifest.lock",
			);
			name = "[CP] Check Pods Manifest.lock";
			outputFileListPaths = (
			);
			outputPaths = (
				"$(DERIVED_FILE_DIR)/Pods-personaltrackerTests-checkManifestLockResult.txt",
			);
			runOnlyForDeploymentPostprocessing = 0;
			shellPath = /bin/sh;
			shellScript = "diff \"${PODS_PODFILE_DIR_PATH}/Podfile.lock\" \"${PODS_ROOT}/Manifest.lock\" > /dev/null\nif [ $? != 0 ] ; then\n    # print error to STDERR\n    echo \"error: The sandbox is not in sync with the Podfile.lock. Run 'pod install' or update your CocoaPods installation.\" >&2\n    exit 1\nfi\n# This output is used by Xcode 'outputs' to avoid re-running this script phase.\necho \"SUCCESS\" > \"${SCRIPT_OUTPUT_FILE_0}\"\n";
			showEnvVarsInLog = 0;
		};
		F6653B4446442F4B539BF402 /* [CP] Embed Pods Frameworks */ = {
			isa = PBXShellScriptBuildPhase;
			buildActionMask = 2147483647;
			files = (
			);
			inputFileListPaths = (
				"${PODS_ROOT}/Target Support Files/Pods-personaltracker-personaltrackerUITests/Pods-personaltracker-personaltrackerUITests-frameworks-${CONFIGURATION}-input-files.xcfilelist",
			);
			name = "[CP] Embed Pods Frameworks";
			outputFileListPaths = (
				"${PODS_ROOT}/Target Support Files/Pods-personaltracker-personaltrackerUITests/Pods-personaltracker-personaltrackerUITests-frameworks-${CONFIGURATION}-output-files.xcfilelist",
			);
			runOnlyForDeploymentPostprocessing = 0;
			shellPath = /bin/sh;
			shellScript = "\"${PODS_ROOT}/Target Support Files/Pods-personaltracker-personaltrackerUITests/Pods-personaltracker-personaltrackerUITests-frameworks.sh\"\n";
			showEnvVarsInLog = 0;
		};
/* End PBXShellScriptBuildPhase section */

/* Begin PBXSourcesBuildPhase section */
		4AAF79F8287A5E2A00B9D9BC /* Sources */ = {
			isa = PBXSourcesBuildPhase;
			buildActionMask = 2147483647;
			files = (
				4AAF7A04287A5E2A00B9D9BC /* WelcomPageViewController.swift in Sources */,
				4A038530287C554F00AD5E37 /* SwinjectInteractor.swift in Sources */,
				4AAF7A00287A5E2A00B9D9BC /* AppDelegate.swift in Sources */,
				4AC53B5F287BA604003703D7 /* SettingPageViewModel.swift in Sources */,
				4AAAB143287BF237008E0A5D /* SettingPageViewController.swift in Sources */,
				4AA300E9287AE6C400901832 /* SettingStorage.swift in Sources */,
				4A038536287C6D3A00AD5E37 /* CategoryCollectionViewCell.swift in Sources */,
				4AA300F4287B035F00901832 /* SwinjectAdapter.swift in Sources */,
				4AAF7A02287A5E2A00B9D9BC /* SceneDelegate.swift in Sources */,
				4AA5EC4F287B2B1100534289 /* SwinjectViewModel.swift in Sources */,
				4AC53B6A287BBF40003703D7 /* SettingInteractorImpl.swift in Sources */,
				4AA300F2287AF53400901832 /* WelcomePageViewModel.swift in Sources */,
				4AA300EC287AEBC800901832 /* SwinjectSetup.swift in Sources */,
			);
			runOnlyForDeploymentPostprocessing = 0;
		};
		4AAF7A0E287A5E2C00B9D9BC /* Sources */ = {
			isa = PBXSourcesBuildPhase;
			buildActionMask = 2147483647;
			files = (
				4AA300EF287AEC2300901832 /* SettingStorageTest.swift in Sources */,
				4A038532287C571700AD5E37 /* SettingInteractorMock.swift in Sources */,
				4AA300F6287B04A300901832 /* WelcomePageViewModelTest.swift in Sources */,
				4AAAB141287BEA73008E0A5D /* SettingPageViewModelTest.swift in Sources */,
				4AAF7A17287A5E2C00B9D9BC /* personaltrackerTests.swift in Sources */,
				4AA300F9287B0E9600901832 /* RxSignalTestHelper.swift in Sources */,
				4AC53B65287BBA7B003703D7 /* SettingStorageMock.swift in Sources */,
				4AC53B62287BB716003703D7 /* SettingInteractorTest.swift in Sources */,
			);
			runOnlyForDeploymentPostprocessing = 0;
		};
		4AAF7A18287A5E2C00B9D9BC /* Sources */ = {
			isa = PBXSourcesBuildPhase;
			buildActionMask = 2147483647;
			files = (
				4AAF7A21287A5E2C00B9D9BC /* personaltrackerUITests.swift in Sources */,
				4AAF7A23287A5E2C00B9D9BC /* personaltrackerUITestsLaunchTests.swift in Sources */,
			);
			runOnlyForDeploymentPostprocessing = 0;
		};
/* End PBXSourcesBuildPhase section */

/* Begin PBXTargetDependency section */
		4AAF7A14287A5E2C00B9D9BC /* PBXTargetDependency */ = {
			isa = PBXTargetDependency;
			target = 4AAF79FB287A5E2A00B9D9BC /* personaltracker */;
			targetProxy = 4AAF7A13287A5E2C00B9D9BC /* PBXContainerItemProxy */;
		};
		4AAF7A1E287A5E2C00B9D9BC /* PBXTargetDependency */ = {
			isa = PBXTargetDependency;
			target = 4AAF79FB287A5E2A00B9D9BC /* personaltracker */;
			targetProxy = 4AAF7A1D287A5E2C00B9D9BC /* PBXContainerItemProxy */;
		};
/* End PBXTargetDependency section */

/* Begin PBXVariantGroup section */
		4AAF7A05287A5E2A00B9D9BC /* Main.storyboard */ = {
			isa = PBXVariantGroup;
			children = (
				4AAF7A06287A5E2A00B9D9BC /* Base */,
			);
			name = Main.storyboard;
			sourceTree = "<group>";
		};
		4AAF7A0A287A5E2C00B9D9BC /* LaunchScreen.storyboard */ = {
			isa = PBXVariantGroup;
			children = (
				4AAF7A0B287A5E2C00B9D9BC /* Base */,
			);
			name = LaunchScreen.storyboard;
			sourceTree = "<group>";
		};
/* End PBXVariantGroup section */

/* Begin XCBuildConfiguration section */
		4AAF7A24287A5E2C00B9D9BC /* Debug */ = {
			isa = XCBuildConfiguration;
			buildSettings = {
				ALWAYS_SEARCH_USER_PATHS = NO;
				CLANG_ANALYZER_NONNULL = YES;
				CLANG_ANALYZER_NUMBER_OBJECT_CONVERSION = YES_AGGRESSIVE;
				CLANG_CXX_LANGUAGE_STANDARD = "gnu++17";
				CLANG_ENABLE_MODULES = YES;
				CLANG_ENABLE_OBJC_ARC = YES;
				CLANG_ENABLE_OBJC_WEAK = YES;
				CLANG_WARN_BLOCK_CAPTURE_AUTORELEASING = YES;
				CLANG_WARN_BOOL_CONVERSION = YES;
				CLANG_WARN_COMMA = YES;
				CLANG_WARN_CONSTANT_CONVERSION = YES;
				CLANG_WARN_DEPRECATED_OBJC_IMPLEMENTATIONS = YES;
				CLANG_WARN_DIRECT_OBJC_ISA_USAGE = YES_ERROR;
				CLANG_WARN_DOCUMENTATION_COMMENTS = YES;
				CLANG_WARN_EMPTY_BODY = YES;
				CLANG_WARN_ENUM_CONVERSION = YES;
				CLANG_WARN_INFINITE_RECURSION = YES;
				CLANG_WARN_INT_CONVERSION = YES;
				CLANG_WARN_NON_LITERAL_NULL_CONVERSION = YES;
				CLANG_WARN_OBJC_IMPLICIT_RETAIN_SELF = YES;
				CLANG_WARN_OBJC_LITERAL_CONVERSION = YES;
				CLANG_WARN_OBJC_ROOT_CLASS = YES_ERROR;
				CLANG_WARN_QUOTED_INCLUDE_IN_FRAMEWORK_HEADER = YES;
				CLANG_WARN_RANGE_LOOP_ANALYSIS = YES;
				CLANG_WARN_STRICT_PROTOTYPES = YES;
				CLANG_WARN_SUSPICIOUS_MOVE = YES;
				CLANG_WARN_UNGUARDED_AVAILABILITY = YES_AGGRESSIVE;
				CLANG_WARN_UNREACHABLE_CODE = YES;
				CLANG_WARN__DUPLICATE_METHOD_MATCH = YES;
				COPY_PHASE_STRIP = NO;
				DEBUG_INFORMATION_FORMAT = dwarf;
				ENABLE_STRICT_OBJC_MSGSEND = YES;
				ENABLE_TESTABILITY = YES;
				GCC_C_LANGUAGE_STANDARD = gnu11;
				GCC_DYNAMIC_NO_PIC = NO;
				GCC_NO_COMMON_BLOCKS = YES;
				GCC_OPTIMIZATION_LEVEL = 0;
				GCC_PREPROCESSOR_DEFINITIONS = (
					"DEBUG=1",
					"$(inherited)",
				);
				GCC_WARN_64_TO_32_BIT_CONVERSION = YES;
				GCC_WARN_ABOUT_RETURN_TYPE = YES_ERROR;
				GCC_WARN_UNDECLARED_SELECTOR = YES;
				GCC_WARN_UNINITIALIZED_AUTOS = YES_AGGRESSIVE;
				GCC_WARN_UNUSED_FUNCTION = YES;
				GCC_WARN_UNUSED_VARIABLE = YES;
				IPHONEOS_DEPLOYMENT_TARGET = 15.4;
				MTL_ENABLE_DEBUG_INFO = INCLUDE_SOURCE;
				MTL_FAST_MATH = YES;
				ONLY_ACTIVE_ARCH = YES;
				SDKROOT = iphoneos;
				SWIFT_ACTIVE_COMPILATION_CONDITIONS = DEBUG;
				SWIFT_OPTIMIZATION_LEVEL = "-Onone";
			};
			name = Debug;
		};
		4AAF7A25287A5E2C00B9D9BC /* Release */ = {
			isa = XCBuildConfiguration;
			buildSettings = {
				ALWAYS_SEARCH_USER_PATHS = NO;
				CLANG_ANALYZER_NONNULL = YES;
				CLANG_ANALYZER_NUMBER_OBJECT_CONVERSION = YES_AGGRESSIVE;
				CLANG_CXX_LANGUAGE_STANDARD = "gnu++17";
				CLANG_ENABLE_MODULES = YES;
				CLANG_ENABLE_OBJC_ARC = YES;
				CLANG_ENABLE_OBJC_WEAK = YES;
				CLANG_WARN_BLOCK_CAPTURE_AUTORELEASING = YES;
				CLANG_WARN_BOOL_CONVERSION = YES;
				CLANG_WARN_COMMA = YES;
				CLANG_WARN_CONSTANT_CONVERSION = YES;
				CLANG_WARN_DEPRECATED_OBJC_IMPLEMENTATIONS = YES;
				CLANG_WARN_DIRECT_OBJC_ISA_USAGE = YES_ERROR;
				CLANG_WARN_DOCUMENTATION_COMMENTS = YES;
				CLANG_WARN_EMPTY_BODY = YES;
				CLANG_WARN_ENUM_CONVERSION = YES;
				CLANG_WARN_INFINITE_RECURSION = YES;
				CLANG_WARN_INT_CONVERSION = YES;
				CLANG_WARN_NON_LITERAL_NULL_CONVERSION = YES;
				CLANG_WARN_OBJC_IMPLICIT_RETAIN_SELF = YES;
				CLANG_WARN_OBJC_LITERAL_CONVERSION = YES;
				CLANG_WARN_OBJC_ROOT_CLASS = YES_ERROR;
				CLANG_WARN_QUOTED_INCLUDE_IN_FRAMEWORK_HEADER = YES;
				CLANG_WARN_RANGE_LOOP_ANALYSIS = YES;
				CLANG_WARN_STRICT_PROTOTYPES = YES;
				CLANG_WARN_SUSPICIOUS_MOVE = YES;
				CLANG_WARN_UNGUARDED_AVAILABILITY = YES_AGGRESSIVE;
				CLANG_WARN_UNREACHABLE_CODE = YES;
				CLANG_WARN__DUPLICATE_METHOD_MATCH = YES;
				COPY_PHASE_STRIP = NO;
				DEBUG_INFORMATION_FORMAT = "dwarf-with-dsym";
				ENABLE_NS_ASSERTIONS = NO;
				ENABLE_STRICT_OBJC_MSGSEND = YES;
				GCC_C_LANGUAGE_STANDARD = gnu11;
				GCC_NO_COMMON_BLOCKS = YES;
				GCC_WARN_64_TO_32_BIT_CONVERSION = YES;
				GCC_WARN_ABOUT_RETURN_TYPE = YES_ERROR;
				GCC_WARN_UNDECLARED_SELECTOR = YES;
				GCC_WARN_UNINITIALIZED_AUTOS = YES_AGGRESSIVE;
				GCC_WARN_UNUSED_FUNCTION = YES;
				GCC_WARN_UNUSED_VARIABLE = YES;
				IPHONEOS_DEPLOYMENT_TARGET = 15.4;
				MTL_ENABLE_DEBUG_INFO = NO;
				MTL_FAST_MATH = YES;
				SDKROOT = iphoneos;
				SWIFT_COMPILATION_MODE = wholemodule;
				SWIFT_OPTIMIZATION_LEVEL = "-O";
				VALIDATE_PRODUCT = YES;
			};
			name = Release;
		};
		4AAF7A27287A5E2C00B9D9BC /* Debug */ = {
			isa = XCBuildConfiguration;
			baseConfigurationReference = 05B60098D7E29BFCDC5FF609 /* Pods-personaltracker.debug.xcconfig */;
			buildSettings = {
				ASSETCATALOG_COMPILER_APPICON_NAME = AppIcon;
				ASSETCATALOG_COMPILER_GLOBAL_ACCENT_COLOR_NAME = AccentColor;
				CODE_SIGN_STYLE = Automatic;
				CURRENT_PROJECT_VERSION = 1;
				GENERATE_INFOPLIST_FILE = YES;
				INFOPLIST_FILE = personaltracker/Info.plist;
				INFOPLIST_KEY_UIApplicationSupportsIndirectInputEvents = YES;
				INFOPLIST_KEY_UILaunchStoryboardName = LaunchScreen;
				INFOPLIST_KEY_UIMainStoryboardFile = Main;
				INFOPLIST_KEY_UISupportedInterfaceOrientations_iPad = "UIInterfaceOrientationPortrait UIInterfaceOrientationPortraitUpsideDown UIInterfaceOrientationLandscapeLeft UIInterfaceOrientationLandscapeRight";
				INFOPLIST_KEY_UISupportedInterfaceOrientations_iPhone = "UIInterfaceOrientationPortrait UIInterfaceOrientationLandscapeLeft UIInterfaceOrientationLandscapeRight";
				LD_RUNPATH_SEARCH_PATHS = (
					"$(inherited)",
					"@executable_path/Frameworks",
				);
				MARKETING_VERSION = 1.0;
				PRODUCT_BUNDLE_IDENTIFIER = com.mettaverse.personaltracker;
				PRODUCT_NAME = "$(TARGET_NAME)";
				SWIFT_EMIT_LOC_STRINGS = YES;
				SWIFT_VERSION = 5.0;
				TARGETED_DEVICE_FAMILY = "1,2";
			};
			name = Debug;
		};
		4AAF7A28287A5E2C00B9D9BC /* Release */ = {
			isa = XCBuildConfiguration;
			baseConfigurationReference = 416F6E1E0EE0AC542F23C1D6 /* Pods-personaltracker.release.xcconfig */;
			buildSettings = {
				ASSETCATALOG_COMPILER_APPICON_NAME = AppIcon;
				ASSETCATALOG_COMPILER_GLOBAL_ACCENT_COLOR_NAME = AccentColor;
				CODE_SIGN_STYLE = Automatic;
				CURRENT_PROJECT_VERSION = 1;
				GENERATE_INFOPLIST_FILE = YES;
				INFOPLIST_FILE = personaltracker/Info.plist;
				INFOPLIST_KEY_UIApplicationSupportsIndirectInputEvents = YES;
				INFOPLIST_KEY_UILaunchStoryboardName = LaunchScreen;
				INFOPLIST_KEY_UIMainStoryboardFile = Main;
				INFOPLIST_KEY_UISupportedInterfaceOrientations_iPad = "UIInterfaceOrientationPortrait UIInterfaceOrientationPortraitUpsideDown UIInterfaceOrientationLandscapeLeft UIInterfaceOrientationLandscapeRight";
				INFOPLIST_KEY_UISupportedInterfaceOrientations_iPhone = "UIInterfaceOrientationPortrait UIInterfaceOrientationLandscapeLeft UIInterfaceOrientationLandscapeRight";
				LD_RUNPATH_SEARCH_PATHS = (
					"$(inherited)",
					"@executable_path/Frameworks",
				);
				MARKETING_VERSION = 1.0;
				PRODUCT_BUNDLE_IDENTIFIER = com.mettaverse.personaltracker;
				PRODUCT_NAME = "$(TARGET_NAME)";
				SWIFT_EMIT_LOC_STRINGS = YES;
				SWIFT_VERSION = 5.0;
				TARGETED_DEVICE_FAMILY = "1,2";
			};
			name = Release;
		};
		4AAF7A2A287A5E2C00B9D9BC /* Debug */ = {
			isa = XCBuildConfiguration;
			baseConfigurationReference = 6A7BCB60BAEC992730A29028 /* Pods-personaltrackerTests.debug.xcconfig */;
			buildSettings = {
				ALWAYS_EMBED_SWIFT_STANDARD_LIBRARIES = YES;
				BUNDLE_LOADER = "$(TEST_HOST)";
				CODE_SIGN_STYLE = Automatic;
				CURRENT_PROJECT_VERSION = 1;
				GENERATE_INFOPLIST_FILE = YES;
				IPHONEOS_DEPLOYMENT_TARGET = 15.4;
				MARKETING_VERSION = 1.0;
				PRODUCT_BUNDLE_IDENTIFIER = com.mettaverse.personaltrackerTests;
				PRODUCT_NAME = "$(TARGET_NAME)";
				SWIFT_EMIT_LOC_STRINGS = NO;
				SWIFT_VERSION = 5.0;
				TARGETED_DEVICE_FAMILY = "1,2";
				TEST_HOST = "$(BUILT_PRODUCTS_DIR)/personaltracker.app/personaltracker";
			};
			name = Debug;
		};
		4AAF7A2B287A5E2C00B9D9BC /* Release */ = {
			isa = XCBuildConfiguration;
			baseConfigurationReference = 7681ED1E8BBD8004FADB0C01 /* Pods-personaltrackerTests.release.xcconfig */;
			buildSettings = {
				ALWAYS_EMBED_SWIFT_STANDARD_LIBRARIES = YES;
				BUNDLE_LOADER = "$(TEST_HOST)";
				CODE_SIGN_STYLE = Automatic;
				CURRENT_PROJECT_VERSION = 1;
				GENERATE_INFOPLIST_FILE = YES;
				IPHONEOS_DEPLOYMENT_TARGET = 15.4;
				MARKETING_VERSION = 1.0;
				PRODUCT_BUNDLE_IDENTIFIER = com.mettaverse.personaltrackerTests;
				PRODUCT_NAME = "$(TARGET_NAME)";
				SWIFT_EMIT_LOC_STRINGS = NO;
				SWIFT_VERSION = 5.0;
				TARGETED_DEVICE_FAMILY = "1,2";
				TEST_HOST = "$(BUILT_PRODUCTS_DIR)/personaltracker.app/personaltracker";
			};
			name = Release;
		};
		4AAF7A2D287A5E2C00B9D9BC /* Debug */ = {
			isa = XCBuildConfiguration;
			baseConfigurationReference = 75190D30452C5DF98D25978E /* Pods-personaltracker-personaltrackerUITests.debug.xcconfig */;
			buildSettings = {
				ALWAYS_EMBED_SWIFT_STANDARD_LIBRARIES = YES;
				CODE_SIGN_STYLE = Automatic;
				CURRENT_PROJECT_VERSION = 1;
				GENERATE_INFOPLIST_FILE = YES;
				MARKETING_VERSION = 1.0;
				PRODUCT_BUNDLE_IDENTIFIER = com.mettaverse.personaltrackerUITests;
				PRODUCT_NAME = "$(TARGET_NAME)";
				SWIFT_EMIT_LOC_STRINGS = NO;
				SWIFT_VERSION = 5.0;
				TARGETED_DEVICE_FAMILY = "1,2";
				TEST_TARGET_NAME = personaltracker;
			};
			name = Debug;
		};
		4AAF7A2E287A5E2C00B9D9BC /* Release */ = {
			isa = XCBuildConfiguration;
			baseConfigurationReference = 640EA9AB7B3D1ABDBEB7349E /* Pods-personaltracker-personaltrackerUITests.release.xcconfig */;
			buildSettings = {
				ALWAYS_EMBED_SWIFT_STANDARD_LIBRARIES = YES;
				CODE_SIGN_STYLE = Automatic;
				CURRENT_PROJECT_VERSION = 1;
				GENERATE_INFOPLIST_FILE = YES;
				MARKETING_VERSION = 1.0;
				PRODUCT_BUNDLE_IDENTIFIER = com.mettaverse.personaltrackerUITests;
				PRODUCT_NAME = "$(TARGET_NAME)";
				SWIFT_EMIT_LOC_STRINGS = NO;
				SWIFT_VERSION = 5.0;
				TARGETED_DEVICE_FAMILY = "1,2";
				TEST_TARGET_NAME = personaltracker;
			};
			name = Release;
		};
/* End XCBuildConfiguration section */

/* Begin XCConfigurationList section */
		4AAF79F7287A5E2A00B9D9BC /* Build configuration list for PBXProject "personaltracker" */ = {
			isa = XCConfigurationList;
			buildConfigurations = (
				4AAF7A24287A5E2C00B9D9BC /* Debug */,
				4AAF7A25287A5E2C00B9D9BC /* Release */,
			);
			defaultConfigurationIsVisible = 0;
			defaultConfigurationName = Release;
		};
		4AAF7A26287A5E2C00B9D9BC /* Build configuration list for PBXNativeTarget "personaltracker" */ = {
			isa = XCConfigurationList;
			buildConfigurations = (
				4AAF7A27287A5E2C00B9D9BC /* Debug */,
				4AAF7A28287A5E2C00B9D9BC /* Release */,
			);
			defaultConfigurationIsVisible = 0;
			defaultConfigurationName = Release;
		};
		4AAF7A29287A5E2C00B9D9BC /* Build configuration list for PBXNativeTarget "personaltrackerTests" */ = {
			isa = XCConfigurationList;
			buildConfigurations = (
				4AAF7A2A287A5E2C00B9D9BC /* Debug */,
				4AAF7A2B287A5E2C00B9D9BC /* Release */,
			);
			defaultConfigurationIsVisible = 0;
			defaultConfigurationName = Release;
		};
		4AAF7A2C287A5E2C00B9D9BC /* Build configuration list for PBXNativeTarget "personaltrackerUITests" */ = {
			isa = XCConfigurationList;
			buildConfigurations = (
				4AAF7A2D287A5E2C00B9D9BC /* Debug */,
				4AAF7A2E287A5E2C00B9D9BC /* Release */,
			);
			defaultConfigurationIsVisible = 0;
			defaultConfigurationName = Release;
		};
/* End XCConfigurationList section */
	};
	rootObject = 4AAF79F4287A5E2A00B9D9BC /* Project object */;
}
